
Microsoft Visual Studio Solution File, Format Version 12.00
# Visual Studio Version 17
VisualStudioVersion = 17.5.33209.295
MinimumVisualStudioVersion = 10.0.40219.1
Project("{9A19103F-16F7-4668-BE54-9A1E7A4F7556}") = "Carshop9000.Model", "Carshop9000.Model\Carshop9000.Model.csproj", "{7FD7B553-5593-438B-9940-0C7BD19108CD}"
EndProject
Project("{9A19103F-16F7-4668-BE54-9A1E7A4F7556}") = "Carshop9000.Data.EfCore", "Carshop9000.Data.EfCore\Carshop9000.Data.EfCore.csproj", "{BDA28213-6A78-42B1-A9C8-481E4E4C73BD}"
EndProject
Project("{9A19103F-16F7-4668-BE54-9A1E7A4F7556}") = "Carshop9000.Data.EfCore.Tests", "Carshop9000.Data.EfCore.Tests\Carshop9000.Data.EfCore.Tests.csproj", "{DFB4A325-89A9-419B-872B-E56EE59BA744}"
EndProject
Project("{9A19103F-16F7-4668-BE54-9A1E7A4F7556}") = "Carshop9000.Logic", "Carshop9000.Logic\Carshop9000.Logic.csproj", "{C45C4CDF-2F6F-49EE-8659-375C96024AC8}"
EndProject
Project("{9A19103F-16F7-4668-BE54-9A1E7A4F7556}") = "Carshop9000.UI.DevConsole", "Carshop9000.UI.DevConsole\Carshop9000.UI.DevConsole.csproj", "{FBD2EE17-446E-48FD-A5CE-E7C9A9684656}"
EndProject
Project("{9A19103F-16F7-4668-BE54-9A1E7A4F7556}") = "Carshop9000.Logic.Tests", "Carshop9000.Logic.Tests\Carshop9000.Logic.Tests.csproj", "{30BF7443-7DE3-48A0-BCEF-B2064CA6739E}"
EndProject
Project("{9A19103F-16F7-4668-BE54-9A1E7A4F7556}") = "Carshop9000.UI.Wpf", "Carshop9000.UI.Wpf\Carshop9000.UI.Wpf.csproj", "{D03FE5EE-2F0D-4C78-8155-190C366055C6}"
EndProject
Project("{FAE04EC0-301F-11D3-BF4B-00C04F79EFBC}") = "Carshop9000.UI.MVC", "Carshop9000.UI.MVC\Carshop9000.UI.MVC.csproj", "{FD5FB98C-B5E4-493D-B781-A71A2D42DC78}"
EndProject
Global
	GlobalSection(SolutionConfigurationPlatforms) = preSolution
		Debug|Any CPU = Debug|Any CPU
		Release|Any CPU = Release|Any CPU
	EndGlobalSection
	GlobalSection(ProjectConfigurationPlatforms) = postSolution
		{7FD7B553-5593-438B-9940-0C7BD19108CD}.Debug|Any CPU.ActiveCfg = Debug|Any CPU
		{7FD7B553-5593-438B-9940-0C7BD19108CD}.Debug|Any CPU.Build.0 = Debug|Any CPU
		{7FD7B553-5593-438B-9940-0C7BD19108CD}.Release|Any CPU.ActiveCfg = Release|Any CPU
		{7FD7B553-5593-438B-9940-0C7BD19108CD}.Release|Any CPU.Build.0 = Release|Any CPU
		{BDA28213-6A78-42B1-A9C8-481E4E4C73BD}.Debug|Any CPU.ActiveCfg = Debug|Any CPU
		{BDA28213-6A78-42B1-A9C8-481E4E4C73BD}.Debug|Any CPU.Build.0 = Debug|Any CPU
		{BDA28213-6A78-42B1-A9C8-481E4E4C73BD}.Release|Any CPU.ActiveCfg = Release|Any CPU
		{BDA28213-6A78-42B1-A9C8-481E4E4C73BD}.Release|Any CPU.Build.0 = Release|Any CPU
		{DFB4A325-89A9-419B-872B-E56EE59BA744}.Debug|Any CPU.ActiveCfg = Debug|Any CPU
		{DFB4A325-89A9-419B-872B-E56EE59BA744}.Debug|Any CPU.Build.0 = Debug|Any CPU
		{DFB4A325-89A9-419B-872B-E56EE59BA744}.Release|Any CPU.ActiveCfg = Release|Any CPU
		{DFB4A325-89A9-419B-872B-E56EE59BA744}.Release|Any CPU.Build.0 = Release|Any CPU
		{C45C4CDF-2F6F-49EE-8659-375C96024AC8}.Debug|Any CPU.ActiveCfg = Debug|Any CPU
		{C45C4CDF-2F6F-49EE-8659-375C96024AC8}.Debug|Any CPU.Build.0 = Debug|Any CPU
		{C45C4CDF-2F6F-49EE-8659-375C96024AC8}.Release|Any CPU.ActiveCfg = Release|Any CPU
		{C45C4CDF-2F6F-49EE-8659-375C96024AC8}.Release|Any CPU.Build.0 = Release|Any CPU
		{FBD2EE17-446E-48FD-A5CE-E7C9A9684656}.Debug|Any CPU.ActiveCfg = Debug|Any CPU
		{FBD2EE17-446E-48FD-A5CE-E7C9A9684656}.Debug|Any CPU.Build.0 = Debug|Any CPU
		{FBD2EE17-446E-48FD-A5CE-E7C9A9684656}.Release|Any CPU.ActiveCfg = Release|Any CPU
		{FBD2EE17-446E-48FD-A5CE-E7C9A9684656}.Release|Any CPU.Build.0 = Release|Any CPU
		{30BF7443-7DE3-48A0-BCEF-B2064CA6739E}.Debug|Any CPU.ActiveCfg = Debug|Any CPU
		{30BF7443-7DE3-48A0-BCEF-B2064CA6739E}.Debug|Any CPU.Build.0 = Debug|Any CPU
		{30BF7443-7DE3-48A0-BCEF-B2064CA6739E}.Release|Any CPU.ActiveCfg = Release|Any CPU
		{30BF7443-7DE3-48A0-BCEF-B2064CA6739E}.Release|Any CPU.Build.0 = Release|Any CPU
		{D03FE5EE-2F0D-4C78-8155-190C366055C6}.Debug|Any CPU.ActiveCfg = Debug|Any CPU
		{D03FE5EE-2F0D-4C78-8155-190C366055C6}.Debug|Any CPU.Build.0 = Debug|Any CPU
		{D03FE5EE-2F0D-4C78-8155-190C366055C6}.Release|Any CPU.ActiveCfg = Release|Any CPU
		{D03FE5EE-2F0D-4C78-8155-190C366055C6}.Release|Any CPU.Build.0 = Release|Any CPU
		{FD5FB98C-B5E4-493D-B781-A71A2D42DC78}.Debug|Any CPU.ActiveCfg = Debug|Any CPU
		{FD5FB98C-B5E4-493D-B781-A71A2D42DC78}.Debug|Any CPU.Build.0 = Debug|Any CPU
		{FD5FB98C-B5E4-493D-B781-A71A2D42DC78}.Release|Any CPU.ActiveCfg = Release|Any CPU
		{FD5FB98C-B5E4-493D-B781-A71A2D42DC78}.Release|Any CPU.Build.0 = Release|Any CPU
	EndGlobalSection
	GlobalSection(SolutionProperties) = preSolution
		HideSolutionNode = FALSE
	EndGlobalSection
	GlobalSection(ExtensibilityGlobals) = postSolution
		SolutionGuid = {5E6C1478-E4D3-46FB-BE76-3AA09E2C65C5}
	EndGlobalSection
EndGlobal
