
Microsoft Visual Studio Solution File, Format Version 12.00
# Visual Studio Version 17
VisualStudioVersion = 17.5.33209.295
MinimumVisualStudioVersion = 10.0.40219.1
Project("{FAE04EC0-301F-11D3-BF4B-00C04F79EFBC}") = "HalloBuilder", "HalloBuilder\HalloBuilder.csproj", "{701BA94E-631E-4395-8BCE-9E0CBB2554F5}"
EndProject
Global
	GlobalSection(SolutionConfigurationPlatforms) = preSolution
		Debug|Any CPU = Debug|Any CPU
		Release|Any CPU = Release|Any CPU
	EndGlobalSection
	GlobalSection(ProjectConfigurationPlatforms) = postSolution
		{701BA94E-631E-4395-8BCE-9E0CBB2554F5}.Debug|Any CPU.ActiveCfg = Debug|Any CPU
		{701BA94E-631E-4395-8BCE-9E0CBB2554F5}.Debug|Any CPU.Build.0 = Debug|Any CPU
		{701BA94E-631E-4395-8BCE-9E0CBB2554F5}.Release|Any CPU.ActiveCfg = Release|Any CPU
		{701BA94E-631E-4395-8BCE-9E0CBB2554F5}.Release|Any CPU.Build.0 = Release|Any CPU
	EndGlobalSection
	GlobalSection(SolutionProperties) = preSolution
		HideSolutionNode = FALSE
	EndGlobalSection
	GlobalSection(ExtensibilityGlobals) = postSolution
		SolutionGuid = {9CB221EC-EBE0-459A-9955-6E1CE57FF9E4}
	EndGlobalSection
EndGlobal
